
Microsoft Visual Studio Solution File, Format Version 12.00
# Visual Studio Version 16
VisualStudioVersion = 16.0.31605.320
MinimumVisualStudioVersion = 10.0.40219.1
Project("{FAE04EC0-301F-11D3-BF4B-00C04F79EFBC}") = "20104681PROG6212JoshMkhari", "20104681PROG6212JoshMkhari\20104681PROG6212JoshMkhari.csproj", "{1D1DE975-33E7-4204-BCB6-3B2AD2973EAC}"
EndProject
Global
	GlobalSection(SolutionConfigurationPlatforms) = preSolution
		Debug|Any CPU = Debug|Any CPU
		Release|Any CPU = Release|Any CPU
	EndGlobalSection
	GlobalSection(ProjectConfigurationPlatforms) = postSolution
		{1D1DE975-33E7-4204-BCB6-3B2AD2973EAC}.Debug|Any CPU.ActiveCfg = Debug|Any CPU
		{1D1DE975-33E7-4204-BCB6-3B2AD2973EAC}.Debug|Any CPU.Build.0 = Debug|Any CPU
		{1D1DE975-33E7-4204-BCB6-3B2AD2973EAC}.Release|Any CPU.ActiveCfg = Release|Any CPU
		{1D1DE975-33E7-4204-BCB6-3B2AD2973EAC}.Release|Any CPU.Build.0 = Release|Any CPU
	EndGlobalSection
	GlobalSection(SolutionProperties) = preSolution
		HideSolutionNode = FALSE
	EndGlobalSection
	GlobalSection(ExtensibilityGlobals) = postSolution
		SolutionGuid = {ED1A023F-E871-4BA1-9E32-DE869CDEB941}
	EndGlobalSection
EndGlobal
